// !$*UTF8*$!
{
	archiveVersion = 1;
	classes = {
	};
	objectVersion = 56;
	objects = {

/* Begin PBXBuildFile section */
		D89F6D032F3D3635002C63EF /* BibliotecaIdsApp.swift in Sources */ = {isa = PBXBuildFile; fileRef = D89F6D022F3D3635002C63EF /* BibliotecaIdsApp.swift */; };
		D89F6D052F3D3635002C63EF /* ContentView.swift in Sources */ = {isa = PBXBuildFile; fileRef = D89F6D042F3D3635002C63EF /* ContentView.swift */; };
		D89F6D072F3D3635002C63EF /* Assets.xcassets in Resources */ = {isa = PBXBuildFile; fileRef = D89F6D062F3D3635002C63EF /* Assets.xcassets */; };
		D89F6D0A2F3D3635002C63EF /* Preview Assets.xcassets in Resources */ = {isa = PBXBuildFile; fileRef = D89F6D092F3D3635002C63EF /* Preview Assets.xcassets */; };
		D89F6D142F3D3636002C63EF /* BibliotecaIdsTests.swift in Sources */ = {isa = PBXBuildFile; fileRef = D89F6D132F3D3636002C63EF /* BibliotecaIdsTests.swift */; };
		D89F6D1E2F3D3636002C63EF /* BibliotecaIdsUITests.swift in Sources */ = {isa = PBXBuildFile; fileRef = D89F6D1D2F3D3636002C63EF /* BibliotecaIdsUITests.swift */; };
		D89F6D202F3D3636002C63EF /* BibliotecaIdsUITestsLaunchTests.swift in Sources */ = {isa = PBXBuildFile; fileRef = D89F6D1F2F3D3636002C63EF /* BibliotecaIdsUITestsLaunchTests.swift */; };
/* End PBXBuildFile section */

/* Begin PBXContainerItemProxy section */
		D89F6D102F3D3636002C63EF /* PBXContainerItemProxy */ = {
			isa = PBXContainerItemProxy;
			containerPortal = D89F6CF72F3D3635002C63EF /* Project object */;
			proxyType = 1;
			remoteGlobalIDString = D89F6CFE2F3D3635002C63EF;
			remoteInfo = BibliotecaIds;
		};
		D89F6D1A2F3D3636002C63EF /* PBXContainerItemProxy */ = {
			isa = PBXContainerItemProxy;
			containerPortal = D89F6CF72F3D3635002C63EF /* Project object */;
			proxyType = 1;
			remoteGlobalIDString = D89F6CFE2F3D3635002C63EF;
			remoteInfo = BibliotecaIds;
		};
/* End PBXContainerItemProxy section */

/* Begin PBXFileReference section */
		D89F6CFF2F3D3635002C63EF /* BibliotecaIds.app */ = {isa = PBXFileReference; explicitFileType = wrapper.application; includeInIndex = 0; path = BibliotecaIds.app; sourceTree = BUILT_PRODUCTS_DIR; };
		D89F6D022F3D3635002C63EF /* BibliotecaIdsApp.swift */ = {isa = PBXFileReference; lastKnownFileType = sourcecode.swift; path = BibliotecaIdsApp.swift; sourceTree = "<group>"; };
		D89F6D042F3D3635002C63EF /* ContentView.swift */ = {isa = PBXFileReference; lastKnownFileType = sourcecode.swift; path = ContentView.swift; sourceTree = "<group>"; };
		D89F6D062F3D3635002C63EF /* Assets.xcassets */ = {isa = PBXFileReference; lastKnownFileType = folder.assetcatalog; path = Assets.xcassets; sourceTree = "<group>"; };
		D89F6D092F3D3635002C63EF /* Preview Assets.xcassets */ = {isa = PBXFileReference; lastKnownFileType = folder.assetcatalog; path = "Preview Assets.xcassets"; sourceTree = "<group>"; };
		D89F6D0F2F3D3636002C63EF /* BibliotecaIdsTests.xctest */ = {isa = PBXFileReference; explicitFileType = wrapper.cfbundle; includeInIndex = 0; path = BibliotecaIdsTests.xctest; sourceTree = BUILT_PRODUCTS_DIR; };
		D89F6D132F3D3636002C63EF /* BibliotecaIdsTests.swift */ = {isa = PBXFileReference; lastKnownFileType = sourcecode.swift; path = BibliotecaIdsTests.swift; sourceTree = "<group>"; };
		D89F6D192F3D3636002C63EF /* BibliotecaIdsUITests.xctest */ = {isa = PBXFileReference; explicitFileType = wrapper.cfbundle; includeInIndex = 0; path = BibliotecaIdsUITests.xctest; sourceTree = BUILT_PRODUCTS_DIR; };
		D89F6D1D2F3D3636002C63EF /* BibliotecaIdsUITests.swift */ = {isa = PBXFileReference; lastKnownFileType = sourcecode.swift; path = BibliotecaIdsUITests.swift; sourceTree = "<group>"; };
		D89F6D1F2F3D3636002C63EF /* BibliotecaIdsUITestsLaunchTests.swift */ = {isa = PBXFileReference; lastKnownFileType = sourcecode.swift; path = BibliotecaIdsUITestsLaunchTests.swift; sourceTree = "<group>"; };
/* End PBXFileReference section */

/* Begin PBXFrameworksBuildPhase section */
		D89F6CFC2F3D3635002C63EF /* Frameworks */ = {
			isa = PBXFrameworksBuildPhase;
			buildActionMask = 2147483647;
			files = (
			);
			runOnlyForDeploymentPostprocessing = 0;
		};
		D89F6D0C2F3D3636002C63EF /* Frameworks */ = {
			isa = PBXFrameworksBuildPhase;
			buildActionMask = 2147483647;
			files = (
			);
			runOnlyForDeploymentPostprocessing = 0;
		};
		D89F6D162F3D3636002C63EF /* Frameworks */ = {
			isa = PBXFrameworksBuildPhase;
			buildActionMask = 2147483647;
			files = (
			);
			runOnlyForDeploymentPostprocessing = 0;
		};
/* End PBXFrameworksBuildPhase section */

/* Begin PBXGroup section */
		D89F6CF62F3D3635002C63EF = {
			isa = PBXGroup;
			children = (
				D89F6D012F3D3635002C63EF /* BibliotecaIds */,
				D89F6D122F3D3636002C63EF /* BibliotecaIdsTests */,
				D89F6D1C2F3D3636002C63EF /* BibliotecaIdsUITests */,
				D89F6D002F3D3635002C63EF /* Products */,
			);
			sourceTree = "<group>";
		};
		D89F6D002F3D3635002C63EF /* Products */ = {
			isa = PBXGroup;
			children = (
				D89F6CFF2F3D3635002C63EF /* BibliotecaIds.app */,
				D89F6D0F2F3D3636002C63EF /* BibliotecaIdsTests.xctest */,
				D89F6D192F3D3636002C63EF /* BibliotecaIdsUITests.xctest */,
			);
			name = Products;
			sourceTree = "<group>";
		};
		D89F6D012F3D3635002C63EF /* BibliotecaIds */ = {
			isa = PBXGroup;
			children = (
				D89F6D022F3D3635002C63EF /* BibliotecaIdsApp.swift */,
				D89F6D042F3D3635002C63EF /* ContentView.swift */,
				D89F6D062F3D3635002C63EF /* Assets.xcassets */,
				D89F6D082F3D3635002C63EF /* Preview Content */,
			);
			path = BibliotecaIds;
			sourceTree = "<group>";
		};
		D89F6D082F3D3635002C63EF /* Preview Content */ = {
			isa = PBXGroup;
			children = (
				D89F6D092F3D3635002C63EF /* Preview Assets.xcassets */,
			);
			path = "Preview Content";
			sourceTree = "<group>";
		};
		D89F6D122F3D3636002C63EF /* BibliotecaIdsTests */ = {
			isa = PBXGroup;
			children = (
				D89F6D132F3D3636002C63EF /* BibliotecaIdsTests.swift */,
			);
			path = BibliotecaIdsTests;
			sourceTree = "<group>";
		};
		D89F6D1C2F3D3636002C63EF /* BibliotecaIdsUITests */ = {
			isa = PBXGroup;
			children = (
				D89F6D1D2F3D3636002C63EF /* BibliotecaIdsUITests.swift */,
				D89F6D1F2F3D3636002C63EF /* BibliotecaIdsUITestsLaunchTests.swift */,
			);
			path = BibliotecaIdsUITests;
			sourceTree = "<group>";
		};
/* End PBXGroup section */

/* Begin PBXNativeTarget section */
		D89F6CFE2F3D3635002C63EF /* BibliotecaIds */ = {
			isa = PBXNativeTarget;
			buildConfigurationList = D89F6D232F3D3636002C63EF /* Build configuration list for PBXNativeTarget "BibliotecaIds" */;
			buildPhases = (
				D89F6CFB2F3D3635002C63EF /* Sources */,
				D89F6CFC2F3D3635002C63EF /* Frameworks */,
				D89F6CFD2F3D3635002C63EF /* Resources */,
			);
			buildRules = (
			);
			dependencies = (
			);
			name = BibliotecaIds;
			productName = BibliotecaIds;
			productReference = D89F6CFF2F3D3635002C63EF /* BibliotecaIds.app */;
			productType = "com.apple.product-type.application";
		};
		D89F6D0E2F3D3636002C63EF /* BibliotecaIdsTests */ = {
			isa = PBXNativeTarget;
			buildConfigurationList = D89F6D262F3D3636002C63EF /* Build configuration list for PBXNativeTarget "BibliotecaIdsTests" */;
			buildPhases = (
				D89F6D0B2F3D3636002C63EF /* Sources */,
				D89F6D0C2F3D3636002C63EF /* Frameworks */,
				D89F6D0D2F3D3636002C63EF /* Resources */,
			);
			buildRules = (
			);
			dependencies = (
				D89F6D112F3D3636002C63EF /* PBXTargetDependency */,
			);
			name = BibliotecaIdsTests;
			productName = BibliotecaIdsTests;
			productReference = D89F6D0F2F3D3636002C63EF /* BibliotecaIdsTests.xctest */;
			productType = "com.apple.product-type.bundle.unit-test";
		};
		D89F6D182F3D3636002C63EF /* BibliotecaIdsUITests */ = {
			isa = PBXNativeTarget;
			buildConfigurationList = D89F6D292F3D3636002C63EF /* Build configuration list for PBXNativeTarget "BibliotecaIdsUITests" */;
			buildPhases = (
				D89F6D152F3D3636002C63EF /* Sources */,
				D89F6D162F3D3636002C63EF /* Frameworks */,
				D89F6D172F3D3636002C63EF /* Resources */,
			);
			buildRules = (
			);
			dependencies = (
				D89F6D1B2F3D3636002C63EF /* PBXTargetDependency */,
			);
			name = BibliotecaIdsUITests;
			productName = BibliotecaIdsUITests;
			productReference = D89F6D192F3D3636002C63EF /* BibliotecaIdsUITests.xctest */;
			productType = "com.apple.product-type.bundle.ui-testing";
		};
/* End PBXNativeTarget section */

/* Begin PBXProject section */
		D89F6CF72F3D3635002C63EF /* Project object */ = {
			isa = PBXProject;
			attributes = {
				BuildIndependentTargetsInParallel = 1;
				LastSwiftUpdateCheck = 1510;
				LastUpgradeCheck = 1510;
				TargetAttributes = {
					D89F6CFE2F3D3635002C63EF = {
						CreatedOnToolsVersion = 15.1;
					};
					D89F6D0E2F3D3636002C63EF = {
						CreatedOnToolsVersion = 15.1;
						TestTargetID = D89F6CFE2F3D3635002C63EF;
					};
					D89F6D182F3D3636002C63EF = {
						CreatedOnToolsVersion = 15.1;
						TestTargetID = D89F6CFE2F3D3635002C63EF;
					};
				};
			};
			buildConfigurationList = D89F6CFA2F3D3635002C63EF /* Build configuration list for PBXProject "BibliotecaIds" */;
			compatibilityVersion = "Xcode 14.0";
			developmentRegion = en;
			hasScannedForEncodings = 0;
			knownRegions = (
				en,
				Base,
			);
			mainGroup = D89F6CF62F3D3635002C63EF;
			productRefGroup = D89F6D002F3D3635002C63EF /* Products */;
			projectDirPath = "";
			projectRoot = "";
			targets = (
				D89F6CFE2F3D3635002C63EF /* BibliotecaIds */,
				D89F6D0E2F3D3636002C63EF /* BibliotecaIdsTests */,
				D89F6D182F3D3636002C63EF /* BibliotecaIdsUITests */,
			);
		};
/* End PBXProject section */

/* Begin PBXResourcesBuildPhase section */
		D89F6CFD2F3D3635002C63EF /* Resources */ = {
			isa = PBXResourcesBuildPhase;
			buildActionMask = 2147483647;
			files = (
				D89F6D0A2F3D3635002C63EF /* Preview Assets.xcassets in Resources */,
				D89F6D072F3D3635002C63EF /* Assets.xcassets in Resources */,
			);
			runOnlyForDeploymentPostprocessing = 0;
		};
		D89F6D0D2F3D3636002C63EF /* Resources */ = {
			isa = PBXResourcesBuildPhase;
			buildActionMask = 2147483647;
			files = (
			);
			runOnlyForDeploymentPostprocessing = 0;
		};
		D89F6D172F3D3636002C63EF /* Resources */ = {
			isa = PBXResourcesBuildPhase;
			buildActionMask = 2147483647;
			files = (
			);
			runOnlyForDeploymentPostprocessing = 0;
		};
/* End PBXResourcesBuildPhase section */

/* Begin PBXSourcesBuildPhase section */
		D89F6CFB2F3D3635002C63EF /* Sources */ = {
			isa = PBXSourcesBuildPhase;
			buildActionMask = 2147483647;
			files = (
				D89F6D052F3D3635002C63EF /* ContentView.swift in Sources */,
				D89F6D032F3D3635002C63EF /* BibliotecaIdsApp.swift in Sources */,
			);
			runOnlyForDeploymentPostprocessing = 0;
		};
		D89F6D0B2F3D3636002C63EF /* Sources */ = {
			isa = PBXSourcesBuildPhase;
			buildActionMask = 2147483647;
			files = (
				D89F6D142F3D3636002C63EF /* BibliotecaIdsTests.swift in Sources */,
			);
			runOnlyForDeploymentPostprocessing = 0;
		};
		D89F6D152F3D3636002C63EF /* Sources */ = {
			isa = PBXSourcesBuildPhase;
			buildActionMask = 2147483647;
			files = (
				D89F6D1E2F3D3636002C63EF /* BibliotecaIdsUITests.swift in Sources */,
				D89F6D202F3D3636002C63EF /* BibliotecaIdsUITestsLaunchTests.swift in Sources */,
			);
			runOnlyForDeploymentPostprocessing = 0;
		};
/* End PBXSourcesBuildPhase section */

/* Begin PBXTargetDependency section */
		D89F6D112F3D3636002C63EF /* PBXTargetDependency */ = {
			isa = PBXTargetDependency;
			target = D89F6CFE2F3D3635002C63EF /* BibliotecaIds */;
			targetProxy = D89F6D102F3D3636002C63EF /* PBXContainerItemProxy */;
		};
		D89F6D1B2F3D3636002C63EF /* PBXTargetDependency */ = {
			isa = PBXTargetDependency;
			target = D89F6CFE2F3D3635002C63EF /* BibliotecaIds */;
			targetProxy = D89F6D1A2F3D3636002C63EF /* PBXContainerItemProxy */;
		};
/* End PBXTargetDependency section */

/* Begin XCBuildConfiguration section */
		D89F6D212F3D3636002C63EF /* Debug */ = {
			isa = XCBuildConfiguration;
			buildSettings = {
				ALWAYS_SEARCH_USER_PATHS = NO;
				ASSETCATALOG_COMPILER_GENERATE_SWIFT_ASSET_SYMBOL_EXTENSIONS = YES;
				CLANG_ANALYZER_NONNULL = YES;
				CLANG_ANALYZER_NUMBER_OBJECT_CONVERSION = YES_AGGRESSIVE;
				CLANG_CXX_LANGUAGE_STANDARD = "gnu++20";
				CLANG_ENABLE_MODULES = YES;
				CLANG_ENABLE_OBJC_ARC = YES;
				CLANG_ENABLE_OBJC_WEAK = YES;
				CLANG_WARN_BLOCK_CAPTURE_AUTORELEASING = YES;
				CLANG_WARN_BOOL_CONVERSION = YES;
				CLANG_WARN_COMMA = YES;
				CLANG_WARN_CONSTANT_CONVERSION = YES;
				CLANG_WARN_DEPRECATED_OBJC_IMPLEMENTATIONS = YES;
				CLANG_WARN_DIRECT_OBJC_ISA_USAGE = YES_ERROR;
				CLANG_WARN_DOCUMENTATION_COMMENTS = YES;
				CLANG_WARN_EMPTY_BODY = YES;
				CLANG_WARN_ENUM_CONVERSION = YES;
				CLANG_WARN_INFINITE_RECURSION = YES;
				CLANG_WARN_INT_CONVERSION = YES;
				CLANG_WARN_NON_LITERAL_NULL_CONVERSION = YES;
				CLANG_WARN_OBJC_IMPLICIT_RETAIN_SELF = YES;
				CLANG_WARN_OBJC_LITERAL_CONVERSION = YES;
				CLANG_WARN_OBJC_ROOT_CLASS = YES_ERROR;
				CLANG_WARN_QUOTED_INCLUDE_IN_FRAMEWORK_HEADER = YES;
				CLANG_WARN_RANGE_LOOP_ANALYSIS = YES;
				CLANG_WARN_STRICT_PROTOTYPES = YES;
				CLANG_WARN_SUSPICIOUS_MOVE = YES;
				CLANG_WARN_UNGUARDED_AVAILABILITY = YES_AGGRESSIVE;
				CLANG_WARN_UNREACHABLE_CODE = YES;
				CLANG_WARN__DUPLICATE_METHOD_MATCH = YES;
				COPY_PHASE_STRIP = NO;
				DEBUG_INFORMATION_FORMAT = dwarf;
				ENABLE_STRICT_OBJC_MSGSEND = YES;
				ENABLE_TESTABILITY = YES;
				ENABLE_USER_SCRIPT_SANDBOXING = YES;
				GCC_C_LANGUAGE_STANDARD = gnu17;
				GCC_DYNAMIC_NO_PIC = NO;
				GCC_NO_COMMON_BLOCKS = YES;
				GCC_OPTIMIZATION_LEVEL = 0;
				GCC_PREPROCESSOR_DEFINITIONS = (
					"DEBUG=1",
					"$(inherited)",
				);
				GCC_WARN_64_TO_32_BIT_CONVERSION = YES;
				GCC_WARN_ABOUT_RETURN_TYPE = YES_ERROR;
				GCC_WARN_UNDECLARED_SELECTOR = YES;
				GCC_WARN_UNINITIALIZED_AUTOS = YES_AGGRESSIVE;
				GCC_WARN_UNUSED_FUNCTION = YES;
				GCC_WARN_UNUSED_VARIABLE = YES;
				IPHONEOS_DEPLOYMENT_TARGET = 17.2;
				LOCALIZATION_PREFERS_STRING_CATALOGS = YES;
				MTL_ENABLE_DEBUG_INFO = INCLUDE_SOURCE;
				MTL_FAST_MATH = YES;
				ONLY_ACTIVE_ARCH = YES;
				SDKROOT = iphoneos;
				SWIFT_ACTIVE_COMPILATION_CONDITIONS = "DEBUG $(inherited)";
				SWIFT_OPTIMIZATION_LEVEL = "-Onone";
			};
			name = Debug;
		};
		D89F6D222F3D3636002C63EF /* Release */ = {
			isa = XCBuildConfiguration;
			buildSettings = {
				ALWAYS_SEARCH_USER_PATHS = NO;
				ASSETCATALOG_COMPILER_GENERATE_SWIFT_ASSET_SYMBOL_EXTENSIONS = YES;
				CLANG_ANALYZER_NONNULL = YES;
				CLANG_ANALYZER_NUMBER_OBJECT_CONVERSION = YES_AGGRESSIVE;
				CLANG_CXX_LANGUAGE_STANDARD = "gnu++20";
				CLANG_ENABLE_MODULES = YES;
				CLANG_ENABLE_OBJC_ARC = YES;
				CLANG_ENABLE_OBJC_WEAK = YES;
				CLANG_WARN_BLOCK_CAPTURE_AUTORELEASING = YES;
				CLANG_WARN_BOOL_CONVERSION = YES;
				CLANG_WARN_COMMA = YES;
				CLANG_WARN_CONSTANT_CONVERSION = YES;
				CLANG_WARN_DEPRECATED_OBJC_IMPLEMENTATIONS = YES;
				CLANG_WARN_DIRECT_OBJC_ISA_USAGE = YES_ERROR;
				CLANG_WARN_DOCUMENTATION_COMMENTS = YES;
				CLANG_WARN_EMPTY_BODY = YES;
				CLANG_WARN_ENUM_CONVERSION = YES;
				CLANG_WARN_INFINITE_RECURSION = YES;
				CLANG_WARN_INT_CONVERSION = YES;
				CLANG_WARN_NON_LITERAL_NULL_CONVERSION = YES;
				CLANG_WARN_OBJC_IMPLICIT_RETAIN_SELF = YES;
				CLANG_WARN_OBJC_LITERAL_CONVERSION = YES;
				CLANG_WARN_OBJC_ROOT_CLASS = YES_ERROR;
				CLANG_WARN_QUOTED_INCLUDE_IN_FRAMEWORK_HEADER = YES;
				CLANG_WARN_RANGE_LOOP_ANALYSIS = YES;
				CLANG_WARN_STRICT_PROTOTYPES = YES;
				CLANG_WARN_SUSPICIOUS_MOVE = YES;
				CLANG_WARN_UNGUARDED_AVAILABILITY = YES_AGGRESSIVE;
				CLANG_WARN_UNREACHABLE_CODE = YES;
				CLANG_WARN__DUPLICATE_METHOD_MATCH = YES;
				COPY_PHASE_STRIP = NO;
				DEBUG_INFORMATION_FORMAT = "dwarf-with-dsym";
				ENABLE_NS_ASSERTIONS = NO;
				ENABLE_STRICT_OBJC_MSGSEND = YES;
				ENABLE_USER_SCRIPT_SANDBOXING = YES;
				GCC_C_LANGUAGE_STANDARD = gnu17;
				GCC_NO_COMMON_BLOCKS = YES;
				GCC_WARN_64_TO_32_BIT_CONVERSION = YES;
				GCC_WARN_ABOUT_RETURN_TYPE = YES_ERROR;
				GCC_WARN_UNDECLARED_SELECTOR = YES;
				GCC_WARN_UNINITIALIZED_AUTOS = YES_AGGRESSIVE;
				GCC_WARN_UNUSED_FUNCTION = YES;
				GCC_WARN_UNUSED_VARIABLE = YES;
				IPHONEOS_DEPLOYMENT_TARGET = 17.2;
				LOCALIZATION_PREFERS_STRING_CATALOGS = YES;
				MTL_ENABLE_DEBUG_INFO = NO;
				MTL_FAST_MATH = YES;
				SDKROOT = iphoneos;
				SWIFT_COMPILATION_MODE = wholemodule;
				VALIDATE_PRODUCT = YES;
			};
			name = Release;
		};
		D89F6D242F3D3636002C63EF /* Debug */ = {
			isa = XCBuildConfiguration;
			buildSettings = {
				ASSETCATALOG_COMPILER_APPICON_NAME = AppIcon;
				ASSETCATALOG_COMPILER_GLOBAL_ACCENT_COLOR_NAME = AccentColor;
				CODE_SIGN_STYLE = Automatic;
				CURRENT_PROJECT_VERSION = 1;
				DEVELOPMENT_ASSET_PATHS = "\"BibliotecaIds/Preview Content\"";
				ENABLE_PREVIEWS = YES;
				GENERATE_INFOPLIST_FILE = YES;
				INFOPLIST_KEY_UIApplicationSceneManifest_Generation = YES;
				INFOPLIST_KEY_UIApplicationSupportsIndirectInputEvents = YES;
				INFOPLIST_KEY_UILaunchScreen_Generation = YES;
				INFOPLIST_KEY_UISupportedInterfaceOrientations_iPad = "UIInterfaceOrientationPortrait UIInterfaceOrientationPortraitUpsideDown UIInterfaceOrientationLandscapeLeft UIInterfaceOrientationLandscapeRight";
				INFOPLIST_KEY_UISupportedInterfaceOrientations_iPhone = "UIInterfaceOrientationPortrait UIInterfaceOrientationLandscapeLeft UIInterfaceOrientationLandscapeRight";
				LD_RUNPATH_SEARCH_PATHS = (
					"$(inherited)",
					"@executable_path/Frameworks",
				);
				MARKETING_VERSION = 1.0;
				PRODUCT_BUNDLE_IDENTIFIER = com.Luisa.BibliotecaIds;
				PRODUCT_NAME = "$(TARGET_NAME)";
				SWIFT_EMIT_LOC_STRINGS = YES;
				SWIFT_VERSION = 5.0;
				TARGETED_DEVICE_FAMILY = "1,2";
			};
			name = Debug;
		};
		D89F6D252F3D3636002C63EF /* Release */ = {
			isa = XCBuildConfiguration;
			buildSettings = {
				ASSETCATALOG_COMPILER_APPICON_NAME = AppIcon;
				ASSETCATALOG_COMPILER_GLOBAL_ACCENT_COLOR_NAME = AccentColor;
				CODE_SIGN_STYLE = Automatic;
				CURRENT_PROJECT_VERSION = 1;
				DEVELOPMENT_ASSET_PATHS = "\"BibliotecaIds/Preview Content\"";
				ENABLE_PREVIEWS = YES;
				GENERATE_INFOPLIST_FILE = YES;
				INFOPLIST_KEY_UIApplicationSceneManifest_Generation = YES;
				INFOPLIST_KEY_UIApplicationSupportsIndirectInputEvents = YES;
				INFOPLIST_KEY_UILaunchScreen_Generation = YES;
				INFOPLIST_KEY_UISupportedInterfaceOrientations_iPad = "UIInterfaceOrientationPortrait UIInterfaceOrientationPortraitUpsideDown UIInterfaceOrientationLandscapeLeft UIInterfaceOrientationLandscapeRight";
				INFOPLIST_KEY_UISupportedInterfaceOrientations_iPhone = "UIInterfaceOrientationPortrait UIInterfaceOrientationLandscapeLeft UIInterfaceOrientationLandscapeRight";
				LD_RUNPATH_SEARCH_PATHS = (
					"$(inherited)",
					"@executable_path/Frameworks",
				);
				MARKETING_VERSION = 1.0;
				PRODUCT_BUNDLE_IDENTIFIER = com.Luisa.BibliotecaIds;
				PRODUCT_NAME = "$(TARGET_NAME)";
				SWIFT_EMIT_LOC_STRINGS = YES;
				SWIFT_VERSION = 5.0;
				TARGETED_DEVICE_FAMILY = "1,2";
			};
			name = Release;
		};
		D89F6D272F3D3636002C63EF /* Debug */ = {
			isa = XCBuildConfiguration;
			buildSettings = {
				ALWAYS_EMBED_SWIFT_STANDARD_LIBRARIES = YES;
				BUNDLE_LOADER = "$(TEST_HOST)";
				CODE_SIGN_STYLE = Automatic;
				CURRENT_PROJECT_VERSION = 1;
				GENERATE_INFOPLIST_FILE = YES;
				IPHONEOS_DEPLOYMENT_TARGET = 17.2;
				MARKETING_VERSION = 1.0;
				PRODUCT_BUNDLE_IDENTIFIER = com.Luisa.BibliotecaIdsTests;
				PRODUCT_NAME = "$(TARGET_NAME)";
				SWIFT_EMIT_LOC_STRINGS = NO;
				SWIFT_VERSION = 5.0;
				TARGETED_DEVICE_FAMILY = "1,2";
				TEST_HOST = "$(BUILT_PRODUCTS_DIR)/BibliotecaIds.app/$(BUNDLE_EXECUTABLE_FOLDER_PATH)/BibliotecaIds";
			};
			name = Debug;
		};
		D89F6D282F3D3636002C63EF /* Release */ = {
			isa = XCBuildConfiguration;
			buildSettings = {
				ALWAYS_EMBED_SWIFT_STANDARD_LIBRARIES = YES;
				BUNDLE_LOADER = "$(TEST_HOST)";
				CODE_SIGN_STYLE = Automatic;
				CURRENT_PROJECT_VERSION = 1;
				GENERATE_INFOPLIST_FILE = YES;
				IPHONEOS_DEPLOYMENT_TARGET = 17.2;
				MARKETING_VERSION = 1.0;
				PRODUCT_BUNDLE_IDENTIFIER = com.Luisa.BibliotecaIdsTests;
				PRODUCT_NAME = "$(TARGET_NAME)";
				SWIFT_EMIT_LOC_STRINGS = NO;
				SWIFT_VERSION = 5.0;
				TARGETED_DEVICE_FAMILY = "1,2";
				TEST_HOST = "$(BUILT_PRODUCTS_DIR)/BibliotecaIds.app/$(BUNDLE_EXECUTABLE_FOLDER_PATH)/BibliotecaIds";
			};
			name = Release;
		};
		D89F6D2A2F3D3636002C63EF /* Debug */ = {
			isa = XCBuildConfiguration;
			buildSettings = {
				ALWAYS_EMBED_SWIFT_STANDARD_LIBRARIES = YES;
				CODE_SIGN_STYLE = Automatic;
				CURRENT_PROJECT_VERSION = 1;
				GENERATE_INFOPLIST_FILE = YES;
				MARKETING_VERSION = 1.0;
				PRODUCT_BUNDLE_IDENTIFIER = com.Luisa.BibliotecaIdsUITests;
				PRODUCT_NAME = "$(TARGET_NAME)";
				SWIFT_EMIT_LOC_STRINGS = NO;
				SWIFT_VERSION = 5.0;
				TARGETED_DEVICE_FAMILY = "1,2";
				TEST_TARGET_NAME = BibliotecaIds;
			};
			name = Debug;
		};
		D89F6D2B2F3D3636002C63EF /* Release */ = {
			isa = XCBuildConfiguration;
			buildSettings = {
				ALWAYS_EMBED_SWIFT_STANDARD_LIBRARIES = YES;
				CODE_SIGN_STYLE = Automatic;
				CURRENT_PROJECT_VERSION = 1;
				GENERATE_INFOPLIST_FILE = YES;
				MARKETING_VERSION = 1.0;
				PRODUCT_BUNDLE_IDENTIFIER = com.Luisa.BibliotecaIdsUITests;
				PRODUCT_NAME = "$(TARGET_NAME)";
				SWIFT_EMIT_LOC_STRINGS = NO;
				SWIFT_VERSION = 5.0;
				TARGETED_DEVICE_FAMILY = "1,2";
				TEST_TARGET_NAME = BibliotecaIds;
			};
			name = Release;
		};
/* End XCBuildConfiguration section */

/* Begin XCConfigurationList section */
		D89F6CFA2F3D3635002C63EF /* Build configuration list for PBXProject "BibliotecaIds" */ = {
			isa = XCConfigurationList;
			buildConfigurations = (
				D89F6D212F3D3636002C63EF /* Debug */,
				D89F6D222F3D3636002C63EF /* Release */,
			);
			defaultConfigurationIsVisible = 0;
			defaultConfigurationName = Release;
		};
		D89F6D232F3D3636002C63EF /* Build configuration list for PBXNativeTarget "BibliotecaIds" */ = {
			isa = XCConfigurationList;
			buildConfigurations = (
				D89F6D242F3D3636002C63EF /* Debug */,
				D89F6D252F3D3636002C63EF /* Release */,
			);
			defaultConfigurationIsVisible = 0;
			defaultConfigurationName = Release;
		};
		D89F6D262F3D3636002C63EF /* Build configuration list for PBXNativeTarget "BibliotecaIdsTests" */ = {
			isa = XCConfigurationList;
			buildConfigurations = (
				D89F6D272F3D3636002C63EF /* Debug */,
				D89F6D282F3D3636002C63EF /* Release */,
			);
			defaultConfigurationIsVisible = 0;
			defaultConfigurationName = Release;
		};
		D89F6D292F3D3636002C63EF /* Build configuration list for PBXNativeTarget "BibliotecaIdsUITests" */ = {
			isa = XCConfigurationList;
			buildConfigurations = (
				D89F6D2A2F3D3636002C63EF /* Debug */,
				D89F6D2B2F3D3636002C63EF /* Release */,
			);
			defaultConfigurationIsVisible = 0;
			defaultConfigurationName = Release;
		};
/* End XCConfigurationList section */
	};
	rootObject = D89F6CF72F3D3635002C63EF /* Project object */;
}
